
Microsoft Visual Studio Solution File, Format Version 12.00
# Visual Studio Express 15 for Windows Desktop
VisualStudioVersion = 15.0.35026.233
MinimumVisualStudioVersion = 10.0.40219.1
Project("{FAE04EC0-301F-11D3-BF4B-00C04F79EFBC}") = "Calculator", "Calculator\Calculator.csproj", "{5BF35DD8-F006-4C8B-938E-70B5C3861FD7}"
EndProject
Project("{FAE04EC0-301F-11D3-BF4B-00C04F79EFBC}") = "CalcLogic", "..\CalcLogic\CalcLogic\CalcLogic.csproj", "{F4E6565C-6F6A-404B-AE27-66DE6387F4A5}"
EndProject
Global
	GlobalSection(SolutionConfigurationPlatforms) = preSolution
		Debug|Any CPU = Debug|Any CPU
		Release|Any CPU = Release|Any CPU
	EndGlobalSection
	GlobalSection(ProjectConfigurationPlatforms) = postSolution
		{5BF35DD8-F006-4C8B-938E-70B5C3861FD7}.Debug|Any CPU.ActiveCfg = Debug|Any CPU
		{5BF35DD8-F006-4C8B-938E-70B5C3861FD7}.Debug|Any CPU.Build.0 = Debug|Any CPU
		{5BF35DD8-F006-4C8B-938E-70B5C3861FD7}.Release|Any CPU.ActiveCfg = Release|Any CPU
		{5BF35DD8-F006-4C8B-938E-70B5C3861FD7}.Release|Any CPU.Build.0 = Release|Any CPU
		{F4E6565C-6F6A-404B-AE27-66DE6387F4A5}.Debug|Any CPU.ActiveCfg = Debug|Any CPU
		{F4E6565C-6F6A-404B-AE27-66DE6387F4A5}.Debug|Any CPU.Build.0 = Debug|Any CPU
		{F4E6565C-6F6A-404B-AE27-66DE6387F4A5}.Release|Any CPU.ActiveCfg = Release|Any CPU
		{F4E6565C-6F6A-404B-AE27-66DE6387F4A5}.Release|Any CPU.Build.0 = Release|Any CPU
	EndGlobalSection
	GlobalSection(SolutionProperties) = preSolution
		HideSolutionNode = FALSE
	EndGlobalSection
	GlobalSection(ExtensibilityGlobals) = postSolution
		SolutionGuid = {AF7B4364-5B73-4752-B353-40ED1F50A2DE}
	EndGlobalSection
EndGlobal
