
Microsoft Visual Studio Solution File, Format Version 12.00
# Visual Studio Express 15 for Windows Desktop
VisualStudioVersion = 15.0.35026.233
MinimumVisualStudioVersion = 10.0.40219.1
Project("{FAE04EC0-301F-11D3-BF4B-00C04F79EFBC}") = "ConsoleApp1", "ConsoleApp1\ConsoleApp1.csproj", "{19F28EE4-056F-4DCF-85BC-16D0AF21157F}"
EndProject
Global
	GlobalSection(SolutionConfigurationPlatforms) = preSolution
		Debug|Any CPU = Debug|Any CPU
		Release|Any CPU = Release|Any CPU
	EndGlobalSection
	GlobalSection(ProjectConfigurationPlatforms) = postSolution
		{19F28EE4-056F-4DCF-85BC-16D0AF21157F}.Debug|Any CPU.ActiveCfg = Debug|Any CPU
		{19F28EE4-056F-4DCF-85BC-16D0AF21157F}.Debug|Any CPU.Build.0 = Debug|Any CPU
		{19F28EE4-056F-4DCF-85BC-16D0AF21157F}.Release|Any CPU.ActiveCfg = Release|Any CPU
		{19F28EE4-056F-4DCF-85BC-16D0AF21157F}.Release|Any CPU.Build.0 = Release|Any CPU
	EndGlobalSection
	GlobalSection(SolutionProperties) = preSolution
		HideSolutionNode = FALSE
	EndGlobalSection
	GlobalSection(ExtensibilityGlobals) = postSolution
		SolutionGuid = {88499118-8BE1-4EC4-BA87-1EA471AF8015}
	EndGlobalSection
EndGlobal
